
Microsoft Visual Studio Solution File, Format Version 12.00
# Visual Studio Version 17
VisualStudioVersion = 17.11.35312.102
MinimumVisualStudioVersion = 10.0.40219.1
Project("{FAE04EC0-301F-11D3-BF4B-00C04F79EFBC}") = "FileAndFolderLister", "FileAndFolderLister.csproj", "{FC67F5B5-D344-4584-9600-B5D8C9567E74}"
EndProject
Global
	GlobalSection(SolutionConfigurationPlatforms) = preSolution
		Debug|Any CPU = Debug|Any CPU
		Release|Any CPU = Release|Any CPU
	EndGlobalSection
	GlobalSection(ProjectConfigurationPlatforms) = postSolution
		{FC67F5B5-D344-4584-9600-B5D8C9567E74}.Debug|Any CPU.ActiveCfg = Debug|Any CPU
		{FC67F5B5-D344-4584-9600-B5D8C9567E74}.Debug|Any CPU.Build.0 = Debug|Any CPU
		{FC67F5B5-D344-4584-9600-B5D8C9567E74}.Release|Any CPU.ActiveCfg = Release|Any CPU
		{FC67F5B5-D344-4584-9600-B5D8C9567E74}.Release|Any CPU.Build.0 = Release|Any CPU
	EndGlobalSection
	GlobalSection(SolutionProperties) = preSolution
		HideSolutionNode = FALSE
	EndGlobalSection
	GlobalSection(ExtensibilityGlobals) = postSolution
		SolutionGuid = {83C15A50-08CC-43E4-B324-2F9261EDC3D5}
	EndGlobalSection
EndGlobal
